
Microsoft Visual Studio Solution File, Format Version 12.00
# Visual Studio Version 17
VisualStudioVersion = 17.1.32210.238
MinimumVisualStudioVersion = 10.0.40219.1
Project("{FAE04EC0-301F-11D3-BF4B-00C04F79EFBC}") = "SharpTrigger", "SharpTrigger\SharpTrigger.csproj", "{E3B1D06C-72F6-4C25-BD87-87CEA107E680}"
EndProject
Global
	GlobalSection(SolutionConfigurationPlatforms) = preSolution
		Debug|Any CPU = Debug|Any CPU
		Release|Any CPU = Release|Any CPU
	EndGlobalSection
	GlobalSection(ProjectConfigurationPlatforms) = postSolution
		{E3B1D06C-72F6-4C25-BD87-87CEA107E680}.Debug|Any CPU.ActiveCfg = Debug|Any CPU
		{E3B1D06C-72F6-4C25-BD87-87CEA107E680}.Debug|Any CPU.Build.0 = Debug|Any CPU
		{E3B1D06C-72F6-4C25-BD87-87CEA107E680}.Release|Any CPU.ActiveCfg = Release|Any CPU
		{E3B1D06C-72F6-4C25-BD87-87CEA107E680}.Release|Any CPU.Build.0 = Release|Any CPU
	EndGlobalSection
	GlobalSection(SolutionProperties) = preSolution
		HideSolutionNode = FALSE
	EndGlobalSection
	GlobalSection(ExtensibilityGlobals) = postSolution
		SolutionGuid = {BF5E6305-DCD6-4071-ABFA-5EF680F554AC}
	EndGlobalSection
EndGlobal
